
Microsoft Visual Studio Solution File, Format Version 12.00
# Visual Studio Version 16
VisualStudioVersion = 16.0.30608.117
MinimumVisualStudioVersion = 10.0.40219.1
Project("{FAE04EC0-301F-11D3-BF4B-00C04F79EFBC}") = "RemoteDispatcher", "RemoteDispatcher\RemoteDispatcher.csproj", "{AB4A6F0A-887A-47D4-9F82-1CEC163D867C}"
EndProject
Global
	GlobalSection(SolutionConfigurationPlatforms) = preSolution
		Debug|Any CPU = Debug|Any CPU
		Release|Any CPU = Release|Any CPU
	EndGlobalSection
	GlobalSection(ProjectConfigurationPlatforms) = postSolution
		{AB4A6F0A-887A-47D4-9F82-1CEC163D867C}.Debug|Any CPU.ActiveCfg = Debug|Any CPU
		{AB4A6F0A-887A-47D4-9F82-1CEC163D867C}.Debug|Any CPU.Build.0 = Debug|Any CPU
		{AB4A6F0A-887A-47D4-9F82-1CEC163D867C}.Release|Any CPU.ActiveCfg = Release|Any CPU
		{AB4A6F0A-887A-47D4-9F82-1CEC163D867C}.Release|Any CPU.Build.0 = Release|Any CPU
	EndGlobalSection
	GlobalSection(SolutionProperties) = preSolution
		HideSolutionNode = FALSE
	EndGlobalSection
	GlobalSection(ExtensibilityGlobals) = postSolution
		SolutionGuid = {CCC1B020-8B2A-4F72-8A98-4D60C0094EBA}
	EndGlobalSection
EndGlobal
